{
  "name": "gof_pattern",
  "version": "1.0.0",
  "lockfileVersion": 2,
  "requires": true,
  "packages": {
    "": {
      "name": "gof_pattern",
      "version": "1.0.0",
      "license": "ISC",
      "dependencies": {
        "ini": "^4.1.0",
        "object-path": "^0.11.8"
      }
    },
    "node_modules/ini": {
      "version": "4.1.0",
      "resolved": "https://registry.npmjs.org/ini/-/ini-4.1.0.tgz",
      "integrity": "sha512-HLR38RSF2iulAzc3I/sma4CoYxQP844rPYCNfzGDOHqa/YqVlwuuZgBx6M50/X8dKgzk0cm1qRg3+47mK2N+cQ==",
      "engines": {
        "node": "^14.17.0 || ^16.13.0 || >=18.0.0"
      }
    },
    "node_modules/object-path": {
      "version": "0.11.8",
      "resolved": "https://registry.npmjs.org/object-path/-/object-path-0.11.8.tgz",
      "integrity": "sha512-YJjNZrlXJFM42wTBn6zgOJVar9KFJvzx6sTWDte8sWZF//cnjl0BxHNpfZx+ZffXX63A9q0b1zsFiBX4g4X5KA==",
      "engines": {
        "node": ">= 10.12.0"
      }
    }
  },
  "dependencies": {
    "ini": {
      "version": "4.1.0",
      "resolved": "https://registry.npmjs.org/ini/-/ini-4.1.0.tgz",
      "integrity": "sha512-HLR38RSF2iulAzc3I/sma4CoYxQP844rPYCNfzGDOHqa/YqVlwuuZgBx6M50/X8dKgzk0cm1qRg3+47mK2N+cQ=="
    },
    "object-path": {
      "version": "0.11.8",
      "resolved": "https://registry.npmjs.org/object-path/-/object-path-0.11.8.tgz",
      "integrity": "sha512-YJjNZrlXJFM42wTBn6zgOJVar9KFJvzx6sTWDte8sWZF//cnjl0BxHNpfZx+ZffXX63A9q0b1zsFiBX4g4X5KA=="
    }
  }
}
